
Microsoft Visual Studio Solution File, Format Version 12.00
# Visual Studio 15
VisualStudioVersion = 15.0.27703.2042
MinimumVisualStudioVersion = 10.0.40219.1
Project("{FAE04EC0-301F-11D3-BF4B-00C04F79EFBC}") = "Sample.WithAutofac", "Sample.WithAutofac\Sample.WithAutofac.csproj", "{8AFCB5B0-68CC-4F72-9D2D-BA511011C1FC}"
EndProject
Project("{FAE04EC0-301F-11D3-BF4B-00C04F79EFBC}") = "Sample.UnitTests", "Sample.UnitTests\Sample.UnitTests.csproj", "{51CD02CA-71E4-48E4-A2DD-1D8F2AA71DC6}"
EndProject
Project("{FAE04EC0-301F-11D3-BF4B-00C04F79EFBC}") = "Sample.WithWindsor", "Sample.WithWindsor\Sample.WithWindsor.csproj", "{967394B0-1AF3-48AF-9624-AE45E8E0D3DC}"
EndProject
Project("{FAE04EC0-301F-11D3-BF4B-00C04F79EFBC}") = "Sample.WithNinject", "Sample.WithNinject\Sample.WithNinject.csproj", "{0285D32A-2222-4C48-B1D2-8070ED518450}"
EndProject
Project("{2150E333-8FDC-42A3-9474-1A3956D46DE8}") = "Samples", "Samples", "{47A972A5-489B-4F5F-BEAC-8C5F2202E313}"
EndProject
Project("{2150E333-8FDC-42A3-9474-1A3956D46DE8}") = "Solution Items", "Solution Items", "{206E7B82-081E-4DE8-A37D-37AC18F4017F}"
	ProjectSection(SolutionItems) = preProject
		..\appveyor.yml = ..\appveyor.yml
		..\LICENSE.md = ..\LICENSE.md
		..\README.md = ..\README.md
	EndProjectSection
EndProject
Project("{FAE04EC0-301F-11D3-BF4B-00C04F79EFBC}") = "Sample.IntegrationTests", "Sample.IntegrationTests\Sample.IntegrationTests.csproj", "{F0927DDA-1CC4-47DA-AC84-6E2107B81D4B}"
EndProject
Project("{9A19103F-16F7-4668-BE54-9A1E7A4F7556}") = "ConfigInjector", "ConfigInjector\ConfigInjector.csproj", "{153BCA45-8607-4200-8951-E1971CE47FF9}"
EndProject
Project("{FAE04EC0-301F-11D3-BF4B-00C04F79EFBC}") = "Sample", "Sample\Sample.csproj", "{C06BB15B-E390-49E7-BA0E-301A05F45758}"
EndProject
Project("{2150E333-8FDC-42A3-9474-1A3956D46DE8}") = "DotNetCore", "DotNetCore", "{7EEA2FD4-8271-4510-86F6-42D5F5CA92C1}"
EndProject
Project("{2150E333-8FDC-42A3-9474-1A3956D46DE8}") = "DotNetFull", "DotNetFull", "{3EC35654-FD14-4B28-83B4-EAEA00F6E7A3}"
EndProject
Project("{9A19103F-16F7-4668-BE54-9A1E7A4F7556}") = "CoreSample", "CoreSample\CoreSample.csproj", "{3C3EE989-E6AE-48B6-91C7-9A470D966BBC}"
EndProject
Project("{9A19103F-16F7-4668-BE54-9A1E7A4F7556}") = "ConfigInjector.Containers.Autofac", "ConfigInjector.Containers.Autofac\ConfigInjector.Containers.Autofac.csproj", "{08A8409B-8ADF-4E12-8A9F-E575628D44BF}"
EndProject
Project("{9A19103F-16F7-4668-BE54-9A1E7A4F7556}") = "ConfigInjector.Sources.AppConfig", "ConfigInjector.Sources.AppConfig\ConfigInjector.Sources.AppConfig.csproj", "{38889F6A-1D86-404B-A5A6-66BF080B1A3A}"
EndProject
Project("{9A19103F-16F7-4668-BE54-9A1E7A4F7556}") = "CoreSample.WithAutofac", "CoreSample.WithAutofac\CoreSample.WithAutofac.csproj", "{CA9B5EE5-DDDF-4AAD-8604-4403E0D16D6F}"
EndProject
Project("{9A19103F-16F7-4668-BE54-9A1E7A4F7556}") = "ConfigInjector.Sources.Object", "ConfigInjector.Sources.Object\ConfigInjector.Sources.Object.csproj", "{A53924EF-D8A8-43F9-A316-592062A599CB}"
EndProject
Project("{9A19103F-16F7-4668-BE54-9A1E7A4F7556}") = "ConfigInjector.Sources.DotNet", "ConfigInjector.Sources.DotNet\ConfigInjector.Sources.DotNet.csproj", "{0025FE84-8B90-44A1-A1AC-35ED27DA959A}"
EndProject
Project("{9A19103F-16F7-4668-BE54-9A1E7A4F7556}") = "ConfigInjector.Tests.Common", "ConfigInjector.Tests.Common\ConfigInjector.Tests.Common.csproj", "{68BE68AC-7FD7-4706-B0F1-489F9A7C71CC}"
EndProject
Project("{FAE04EC0-301F-11D3-BF4B-00C04F79EFBC}") = "ConfigInjector.Sources.AppConfig.Tests", "ConfigInjector.Sources.AppConfig.Tests\ConfigInjector.Sources.AppConfig.Tests.csproj", "{C54988DD-37F8-44E6-8EA5-3974098F49F3}"
EndProject
Global
	GlobalSection(SolutionConfigurationPlatforms) = preSolution
		Debug|Any CPU = Debug|Any CPU
		Release|Any CPU = Release|Any CPU
	EndGlobalSection
	GlobalSection(ProjectConfigurationPlatforms) = postSolution
		{8AFCB5B0-68CC-4F72-9D2D-BA511011C1FC}.Debug|Any CPU.ActiveCfg = Debug|Any CPU
		{8AFCB5B0-68CC-4F72-9D2D-BA511011C1FC}.Debug|Any CPU.Build.0 = Debug|Any CPU
		{8AFCB5B0-68CC-4F72-9D2D-BA511011C1FC}.Release|Any CPU.ActiveCfg = Release|Any CPU
		{8AFCB5B0-68CC-4F72-9D2D-BA511011C1FC}.Release|Any CPU.Build.0 = Release|Any CPU
		{51CD02CA-71E4-48E4-A2DD-1D8F2AA71DC6}.Debug|Any CPU.ActiveCfg = Debug|Any CPU
		{51CD02CA-71E4-48E4-A2DD-1D8F2AA71DC6}.Debug|Any CPU.Build.0 = Debug|Any CPU
		{51CD02CA-71E4-48E4-A2DD-1D8F2AA71DC6}.Release|Any CPU.ActiveCfg = Release|Any CPU
		{51CD02CA-71E4-48E4-A2DD-1D8F2AA71DC6}.Release|Any CPU.Build.0 = Release|Any CPU
		{967394B0-1AF3-48AF-9624-AE45E8E0D3DC}.Debug|Any CPU.ActiveCfg = Debug|Any CPU
		{967394B0-1AF3-48AF-9624-AE45E8E0D3DC}.Debug|Any CPU.Build.0 = Debug|Any CPU
		{967394B0-1AF3-48AF-9624-AE45E8E0D3DC}.Release|Any CPU.ActiveCfg = Release|Any CPU
		{967394B0-1AF3-48AF-9624-AE45E8E0D3DC}.Release|Any CPU.Build.0 = Release|Any CPU
		{0285D32A-2222-4C48-B1D2-8070ED518450}.Debug|Any CPU.ActiveCfg = Debug|Any CPU
		{0285D32A-2222-4C48-B1D2-8070ED518450}.Debug|Any CPU.Build.0 = Debug|Any CPU
		{0285D32A-2222-4C48-B1D2-8070ED518450}.Release|Any CPU.ActiveCfg = Release|Any CPU
		{0285D32A-2222-4C48-B1D2-8070ED518450}.Release|Any CPU.Build.0 = Release|Any CPU
		{F0927DDA-1CC4-47DA-AC84-6E2107B81D4B}.Debug|Any CPU.ActiveCfg = Debug|Any CPU
		{F0927DDA-1CC4-47DA-AC84-6E2107B81D4B}.Debug|Any CPU.Build.0 = Debug|Any CPU
		{F0927DDA-1CC4-47DA-AC84-6E2107B81D4B}.Release|Any CPU.ActiveCfg = Release|Any CPU
		{F0927DDA-1CC4-47DA-AC84-6E2107B81D4B}.Release|Any CPU.Build.0 = Release|Any CPU
		{153BCA45-8607-4200-8951-E1971CE47FF9}.Debug|Any CPU.ActiveCfg = Debug|Any CPU
		{153BCA45-8607-4200-8951-E1971CE47FF9}.Debug|Any CPU.Build.0 = Debug|Any CPU
		{153BCA45-8607-4200-8951-E1971CE47FF9}.Release|Any CPU.ActiveCfg = Release|Any CPU
		{153BCA45-8607-4200-8951-E1971CE47FF9}.Release|Any CPU.Build.0 = Release|Any CPU
		{C06BB15B-E390-49E7-BA0E-301A05F45758}.Debug|Any CPU.ActiveCfg = Debug|Any CPU
		{C06BB15B-E390-49E7-BA0E-301A05F45758}.Debug|Any CPU.Build.0 = Debug|Any CPU
		{C06BB15B-E390-49E7-BA0E-301A05F45758}.Release|Any CPU.ActiveCfg = Release|Any CPU
		{C06BB15B-E390-49E7-BA0E-301A05F45758}.Release|Any CPU.Build.0 = Release|Any CPU
		{3C3EE989-E6AE-48B6-91C7-9A470D966BBC}.Debug|Any CPU.ActiveCfg = Debug|Any CPU
		{3C3EE989-E6AE-48B6-91C7-9A470D966BBC}.Debug|Any CPU.Build.0 = Debug|Any CPU
		{3C3EE989-E6AE-48B6-91C7-9A470D966BBC}.Release|Any CPU.ActiveCfg = Release|Any CPU
		{3C3EE989-E6AE-48B6-91C7-9A470D966BBC}.Release|Any CPU.Build.0 = Release|Any CPU
		{08A8409B-8ADF-4E12-8A9F-E575628D44BF}.Debug|Any CPU.ActiveCfg = Debug|Any CPU
		{08A8409B-8ADF-4E12-8A9F-E575628D44BF}.Debug|Any CPU.Build.0 = Debug|Any CPU
		{08A8409B-8ADF-4E12-8A9F-E575628D44BF}.Release|Any CPU.ActiveCfg = Release|Any CPU
		{08A8409B-8ADF-4E12-8A9F-E575628D44BF}.Release|Any CPU.Build.0 = Release|Any CPU
		{38889F6A-1D86-404B-A5A6-66BF080B1A3A}.Debug|Any CPU.ActiveCfg = Debug|Any CPU
		{38889F6A-1D86-404B-A5A6-66BF080B1A3A}.Debug|Any CPU.Build.0 = Debug|Any CPU
		{38889F6A-1D86-404B-A5A6-66BF080B1A3A}.Release|Any CPU.ActiveCfg = Release|Any CPU
		{38889F6A-1D86-404B-A5A6-66BF080B1A3A}.Release|Any CPU.Build.0 = Release|Any CPU
		{CA9B5EE5-DDDF-4AAD-8604-4403E0D16D6F}.Debug|Any CPU.ActiveCfg = Debug|Any CPU
		{CA9B5EE5-DDDF-4AAD-8604-4403E0D16D6F}.Debug|Any CPU.Build.0 = Debug|Any CPU
		{CA9B5EE5-DDDF-4AAD-8604-4403E0D16D6F}.Release|Any CPU.ActiveCfg = Release|Any CPU
		{CA9B5EE5-DDDF-4AAD-8604-4403E0D16D6F}.Release|Any CPU.Build.0 = Release|Any CPU
		{A53924EF-D8A8-43F9-A316-592062A599CB}.Debug|Any CPU.ActiveCfg = Debug|Any CPU
		{A53924EF-D8A8-43F9-A316-592062A599CB}.Debug|Any CPU.Build.0 = Debug|Any CPU
		{A53924EF-D8A8-43F9-A316-592062A599CB}.Release|Any CPU.ActiveCfg = Release|Any CPU
		{A53924EF-D8A8-43F9-A316-592062A599CB}.Release|Any CPU.Build.0 = Release|Any CPU
		{0025FE84-8B90-44A1-A1AC-35ED27DA959A}.Debug|Any CPU.ActiveCfg = Debug|Any CPU
		{0025FE84-8B90-44A1-A1AC-35ED27DA959A}.Debug|Any CPU.Build.0 = Debug|Any CPU
		{0025FE84-8B90-44A1-A1AC-35ED27DA959A}.Release|Any CPU.ActiveCfg = Release|Any CPU
		{0025FE84-8B90-44A1-A1AC-35ED27DA959A}.Release|Any CPU.Build.0 = Release|Any CPU
		{68BE68AC-7FD7-4706-B0F1-489F9A7C71CC}.Debug|Any CPU.ActiveCfg = Debug|Any CPU
		{68BE68AC-7FD7-4706-B0F1-489F9A7C71CC}.Debug|Any CPU.Build.0 = Debug|Any CPU
		{68BE68AC-7FD7-4706-B0F1-489F9A7C71CC}.Release|Any CPU.ActiveCfg = Release|Any CPU
		{68BE68AC-7FD7-4706-B0F1-489F9A7C71CC}.Release|Any CPU.Build.0 = Release|Any CPU
		{C54988DD-37F8-44E6-8EA5-3974098F49F3}.Debug|Any CPU.ActiveCfg = Debug|Any CPU
		{C54988DD-37F8-44E6-8EA5-3974098F49F3}.Debug|Any CPU.Build.0 = Debug|Any CPU
		{C54988DD-37F8-44E6-8EA5-3974098F49F3}.Release|Any CPU.ActiveCfg = Release|Any CPU
		{C54988DD-37F8-44E6-8EA5-3974098F49F3}.Release|Any CPU.Build.0 = Release|Any CPU
	EndGlobalSection
	GlobalSection(SolutionProperties) = preSolution
		HideSolutionNode = FALSE
	EndGlobalSection
	GlobalSection(NestedProjects) = preSolution
		{8AFCB5B0-68CC-4F72-9D2D-BA511011C1FC} = {3EC35654-FD14-4B28-83B4-EAEA00F6E7A3}
		{51CD02CA-71E4-48E4-A2DD-1D8F2AA71DC6} = {3EC35654-FD14-4B28-83B4-EAEA00F6E7A3}
		{967394B0-1AF3-48AF-9624-AE45E8E0D3DC} = {3EC35654-FD14-4B28-83B4-EAEA00F6E7A3}
		{0285D32A-2222-4C48-B1D2-8070ED518450} = {3EC35654-FD14-4B28-83B4-EAEA00F6E7A3}
		{F0927DDA-1CC4-47DA-AC84-6E2107B81D4B} = {3EC35654-FD14-4B28-83B4-EAEA00F6E7A3}
		{C06BB15B-E390-49E7-BA0E-301A05F45758} = {3EC35654-FD14-4B28-83B4-EAEA00F6E7A3}
		{7EEA2FD4-8271-4510-86F6-42D5F5CA92C1} = {47A972A5-489B-4F5F-BEAC-8C5F2202E313}
		{3EC35654-FD14-4B28-83B4-EAEA00F6E7A3} = {47A972A5-489B-4F5F-BEAC-8C5F2202E313}
		{3C3EE989-E6AE-48B6-91C7-9A470D966BBC} = {7EEA2FD4-8271-4510-86F6-42D5F5CA92C1}
		{CA9B5EE5-DDDF-4AAD-8604-4403E0D16D6F} = {7EEA2FD4-8271-4510-86F6-42D5F5CA92C1}
	EndGlobalSection
	GlobalSection(ExtensibilityGlobals) = postSolution
		SolutionGuid = {EF4B5B25-A4A5-4599-837A-2EB015B95130}
	EndGlobalSection
EndGlobal
