
Microsoft Visual Studio Solution File, Format Version 12.00
# Visual Studio 15
VisualStudioVersion = 15.0.27703.2042
MinimumVisualStudioVersion = 10.0.40219.1
Project("{FAE04EC0-301F-11D3-BF4B-00C04F79EFBC}") = "Sample.WithAutofac", "Sample.WithAutofac\Sample.WithAutofac.csproj", "{8AFCB5B0-68CC-4F72-9D2D-BA511011C1FC}"
EndProject
Project("{FAE04EC0-301F-11D3-BF4B-00C04F79EFBC}") = "Sample.UnitTests", "Sample.UnitTests\Sample.UnitTests.csproj", "{51CD02CA-71E4-48E4-A2DD-1D8F2AA71DC6}"
EndProject
Project("{FAE04EC0-301F-11D3-BF4B-00C04F79EFBC}") = "Sample.WithWindsor", "Sample.WithWindsor\Sample.WithWindsor.csproj", "{967394B0-1AF3-48AF-9624-AE45E8E0D3DC}"
EndProject
Project("{FAE04EC0-301F-11D3-BF4B-00C04F79EFBC}") = "Sample.WithNinject", "Sample.WithNinject\Sample.WithNinject.csproj", "{0285D32A-2222-4C48-B1D2-8070ED518450}"
EndProject
Project("{2150E333-8FDC-42A3-9474-1A3956D46DE8}") = "Samples", "Samples", "{47A972A5-489B-4F5F-BEAC-8C5F2202E313}"
EndProject
Project("{2150E333-8FDC-42A3-9474-1A3956D46DE8}") = "Solution Items", "Solution Items", "{206E7B82-081E-4DE8-A37D-37AC18F4017F}"
	ProjectSection(SolutionItems) = preProject
		..\appveyor.yml = ..\appveyor.yml
		..\LICENSE.md = ..\LICENSE.md
		..\README.md = ..\README.md
	EndProjectSection
EndProject
Project("{FAE04EC0-301F-11D3-BF4B-00C04F79EFBC}") = "ConfigInjector.UnitTests", "ConfigInjector.UnitTests\ConfigInjector.UnitTests.csproj", "{3343E4BD-01F2-4A04-9B5D-B3A2F973A803}"
EndProject
Project("{FAE04EC0-301F-11D3-BF4B-00C04F79EFBC}") = "Sample.IntegrationTests", "Sample.IntegrationTests\Sample.IntegrationTests.csproj", "{F0927DDA-1CC4-47DA-AC84-6E2107B81D4B}"
EndProject
Project("{9A19103F-16F7-4668-BE54-9A1E7A4F7556}") = "ConfigInjector", "ConfigInjector\ConfigInjector.csproj", "{153BCA45-8607-4200-8951-E1971CE47FF9}"
EndProject
Project("{FAE04EC0-301F-11D3-BF4B-00C04F79EFBC}") = "Sample", "Sample\Sample.csproj", "{C06BB15B-E390-49E7-BA0E-301A05F45758}"
EndProject
Global
	GlobalSection(SolutionConfigurationPlatforms) = preSolution
		Debug|Any CPU = Debug|Any CPU
		Release|Any CPU = Release|Any CPU
	EndGlobalSection
	GlobalSection(ProjectConfigurationPlatforms) = postSolution
		{8AFCB5B0-68CC-4F72-9D2D-BA511011C1FC}.Debug|Any CPU.ActiveCfg = Debug|Any CPU
		{8AFCB5B0-68CC-4F72-9D2D-BA511011C1FC}.Debug|Any CPU.Build.0 = Debug|Any CPU
		{8AFCB5B0-68CC-4F72-9D2D-BA511011C1FC}.Release|Any CPU.ActiveCfg = Release|Any CPU
		{8AFCB5B0-68CC-4F72-9D2D-BA511011C1FC}.Release|Any CPU.Build.0 = Release|Any CPU
		{51CD02CA-71E4-48E4-A2DD-1D8F2AA71DC6}.Debug|Any CPU.ActiveCfg = Debug|Any CPU
		{51CD02CA-71E4-48E4-A2DD-1D8F2AA71DC6}.Debug|Any CPU.Build.0 = Debug|Any CPU
		{51CD02CA-71E4-48E4-A2DD-1D8F2AA71DC6}.Release|Any CPU.ActiveCfg = Release|Any CPU
		{51CD02CA-71E4-48E4-A2DD-1D8F2AA71DC6}.Release|Any CPU.Build.0 = Release|Any CPU
		{967394B0-1AF3-48AF-9624-AE45E8E0D3DC}.Debug|Any CPU.ActiveCfg = Debug|Any CPU
		{967394B0-1AF3-48AF-9624-AE45E8E0D3DC}.Debug|Any CPU.Build.0 = Debug|Any CPU
		{967394B0-1AF3-48AF-9624-AE45E8E0D3DC}.Release|Any CPU.ActiveCfg = Release|Any CPU
		{967394B0-1AF3-48AF-9624-AE45E8E0D3DC}.Release|Any CPU.Build.0 = Release|Any CPU
		{0285D32A-2222-4C48-B1D2-8070ED518450}.Debug|Any CPU.ActiveCfg = Debug|Any CPU
		{0285D32A-2222-4C48-B1D2-8070ED518450}.Debug|Any CPU.Build.0 = Debug|Any CPU
		{0285D32A-2222-4C48-B1D2-8070ED518450}.Release|Any CPU.ActiveCfg = Release|Any CPU
		{0285D32A-2222-4C48-B1D2-8070ED518450}.Release|Any CPU.Build.0 = Release|Any CPU
		{3343E4BD-01F2-4A04-9B5D-B3A2F973A803}.Debug|Any CPU.ActiveCfg = Debug|Any CPU
		{3343E4BD-01F2-4A04-9B5D-B3A2F973A803}.Debug|Any CPU.Build.0 = Debug|Any CPU
		{3343E4BD-01F2-4A04-9B5D-B3A2F973A803}.Release|Any CPU.ActiveCfg = Release|Any CPU
		{3343E4BD-01F2-4A04-9B5D-B3A2F973A803}.Release|Any CPU.Build.0 = Release|Any CPU
		{F0927DDA-1CC4-47DA-AC84-6E2107B81D4B}.Debug|Any CPU.ActiveCfg = Debug|Any CPU
		{F0927DDA-1CC4-47DA-AC84-6E2107B81D4B}.Debug|Any CPU.Build.0 = Debug|Any CPU
		{F0927DDA-1CC4-47DA-AC84-6E2107B81D4B}.Release|Any CPU.ActiveCfg = Release|Any CPU
		{F0927DDA-1CC4-47DA-AC84-6E2107B81D4B}.Release|Any CPU.Build.0 = Release|Any CPU
		{153BCA45-8607-4200-8951-E1971CE47FF9}.Debug|Any CPU.ActiveCfg = Debug|Any CPU
		{153BCA45-8607-4200-8951-E1971CE47FF9}.Debug|Any CPU.Build.0 = Debug|Any CPU
		{153BCA45-8607-4200-8951-E1971CE47FF9}.Release|Any CPU.ActiveCfg = Release|Any CPU
		{153BCA45-8607-4200-8951-E1971CE47FF9}.Release|Any CPU.Build.0 = Release|Any CPU
		{C06BB15B-E390-49E7-BA0E-301A05F45758}.Debug|Any CPU.ActiveCfg = Debug|Any CPU
		{C06BB15B-E390-49E7-BA0E-301A05F45758}.Debug|Any CPU.Build.0 = Debug|Any CPU
		{C06BB15B-E390-49E7-BA0E-301A05F45758}.Release|Any CPU.ActiveCfg = Release|Any CPU
		{C06BB15B-E390-49E7-BA0E-301A05F45758}.Release|Any CPU.Build.0 = Release|Any CPU
	EndGlobalSection
	GlobalSection(SolutionProperties) = preSolution
		HideSolutionNode = FALSE
	EndGlobalSection
	GlobalSection(NestedProjects) = preSolution
		{8AFCB5B0-68CC-4F72-9D2D-BA511011C1FC} = {47A972A5-489B-4F5F-BEAC-8C5F2202E313}
		{51CD02CA-71E4-48E4-A2DD-1D8F2AA71DC6} = {47A972A5-489B-4F5F-BEAC-8C5F2202E313}
		{967394B0-1AF3-48AF-9624-AE45E8E0D3DC} = {47A972A5-489B-4F5F-BEAC-8C5F2202E313}
		{0285D32A-2222-4C48-B1D2-8070ED518450} = {47A972A5-489B-4F5F-BEAC-8C5F2202E313}
		{F0927DDA-1CC4-47DA-AC84-6E2107B81D4B} = {47A972A5-489B-4F5F-BEAC-8C5F2202E313}
		{C06BB15B-E390-49E7-BA0E-301A05F45758} = {47A972A5-489B-4F5F-BEAC-8C5F2202E313}
	EndGlobalSection
	GlobalSection(ExtensibilityGlobals) = postSolution
		SolutionGuid = {EF4B5B25-A4A5-4599-837A-2EB015B95130}
	EndGlobalSection
EndGlobal
